
Microsoft Visual Studio Solution File, Format Version 12.00
# Visual Studio 15
VisualStudioVersion = 15.0.28307.1022
MinimumVisualStudioVersion = 10.0.40219.1
Project("{8BC9CEB8-8B4A-11D0-8D11-00A0C91BC942}") = "lotto", "lotto\lotto.vcxproj", "{FDD1275D-5F9D-4923-B60F-2FD82351BBAE}"
EndProject
Global
	GlobalSection(SolutionConfigurationPlatforms) = preSolution
		Debug|x64 = Debug|x64
		Debug|x86 = Debug|x86
		Release|x64 = Release|x64
		Release|x86 = Release|x86
	EndGlobalSection
	GlobalSection(ProjectConfigurationPlatforms) = postSolution
		{FDD1275D-5F9D-4923-B60F-2FD82351BBAE}.Debug|x64.ActiveCfg = Debug|x64
		{FDD1275D-5F9D-4923-B60F-2FD82351BBAE}.Debug|x64.Build.0 = Debug|x64
		{FDD1275D-5F9D-4923-B60F-2FD82351BBAE}.Debug|x86.ActiveCfg = Debug|Win32
		{FDD1275D-5F9D-4923-B60F-2FD82351BBAE}.Debug|x86.Build.0 = Debug|Win32
		{FDD1275D-5F9D-4923-B60F-2FD82351BBAE}.Release|x64.ActiveCfg = Release|x64
		{FDD1275D-5F9D-4923-B60F-2FD82351BBAE}.Release|x64.Build.0 = Release|x64
		{FDD1275D-5F9D-4923-B60F-2FD82351BBAE}.Release|x86.ActiveCfg = Release|Win32
		{FDD1275D-5F9D-4923-B60F-2FD82351BBAE}.Release|x86.Build.0 = Release|Win32
	EndGlobalSection
	GlobalSection(SolutionProperties) = preSolution
		HideSolutionNode = FALSE
	EndGlobalSection
	GlobalSection(ExtensibilityGlobals) = postSolution
		SolutionGuid = {6D228838-032A-493B-BFC5-69C4FC9D2AFC}
	EndGlobalSection
EndGlobal
